
Microsoft Visual Studio Solution File, Format Version 12.00
# Visual Studio 15
VisualStudioVersion = 15.0.28307.136
MinimumVisualStudioVersion = 10.0.40219.1
Project("{FAE04EC0-301F-11D3-BF4B-00C04F79EFBC}") = "Palindrome.Test", "Palindrome.Test\Palindrome.Test.csproj", "{89466FC1-29C1-4BF8-9ABB-E8E5473D82F9}"
EndProject
Project("{FAE04EC0-301F-11D3-BF4B-00C04F79EFBC}") = "Palindrome.Library", "Palindrome.Library\Palindrome.Library.csproj", "{32C8D02B-EC1F-433B-B533-68B92FEC755A}"
EndProject
Global
	GlobalSection(SolutionConfigurationPlatforms) = preSolution
		Debug|Any CPU = Debug|Any CPU
		Release|Any CPU = Release|Any CPU
	EndGlobalSection
	GlobalSection(ProjectConfigurationPlatforms) = postSolution
		{89466FC1-29C1-4BF8-9ABB-E8E5473D82F9}.Debug|Any CPU.ActiveCfg = Debug|Any CPU
		{89466FC1-29C1-4BF8-9ABB-E8E5473D82F9}.Debug|Any CPU.Build.0 = Debug|Any CPU
		{89466FC1-29C1-4BF8-9ABB-E8E5473D82F9}.Release|Any CPU.ActiveCfg = Release|Any CPU
		{89466FC1-29C1-4BF8-9ABB-E8E5473D82F9}.Release|Any CPU.Build.0 = Release|Any CPU
		{32C8D02B-EC1F-433B-B533-68B92FEC755A}.Debug|Any CPU.ActiveCfg = Debug|Any CPU
		{32C8D02B-EC1F-433B-B533-68B92FEC755A}.Debug|Any CPU.Build.0 = Debug|Any CPU
		{32C8D02B-EC1F-433B-B533-68B92FEC755A}.Release|Any CPU.ActiveCfg = Release|Any CPU
		{32C8D02B-EC1F-433B-B533-68B92FEC755A}.Release|Any CPU.Build.0 = Release|Any CPU
	EndGlobalSection
	GlobalSection(SolutionProperties) = preSolution
		HideSolutionNode = FALSE
	EndGlobalSection
	GlobalSection(ExtensibilityGlobals) = postSolution
		SolutionGuid = {24AB28C8-1A55-49AE-8CAF-FA2AD27677AD}
	EndGlobalSection
EndGlobal
