
Microsoft Visual Studio Solution File, Format Version 12.00
# Visual Studio 15
VisualStudioVersion = 15.0.28307.106
MinimumVisualStudioVersion = 10.0.40219.1
Project("{FAE04EC0-301F-11D3-BF4B-00C04F79EFBC}") = "SecondAssignment", "SecondAssignmentA\SecondAssignment.csproj", "{361F5715-A38A-4F84-96CA-D66A56B366B0}"
EndProject
Project("{FAE04EC0-301F-11D3-BF4B-00C04F79EFBC}") = "TestProject", "TestProject\TestProject.csproj", "{6E074ED4-689A-494C-9BE2-E41F9ABA7D14}"
EndProject
Global
	GlobalSection(SolutionConfigurationPlatforms) = preSolution
		Debug|Any CPU = Debug|Any CPU
		Release|Any CPU = Release|Any CPU
	EndGlobalSection
	GlobalSection(ProjectConfigurationPlatforms) = postSolution
		{361F5715-A38A-4F84-96CA-D66A56B366B0}.Debug|Any CPU.ActiveCfg = Debug|Any CPU
		{361F5715-A38A-4F84-96CA-D66A56B366B0}.Debug|Any CPU.Build.0 = Debug|Any CPU
		{361F5715-A38A-4F84-96CA-D66A56B366B0}.Release|Any CPU.ActiveCfg = Release|Any CPU
		{361F5715-A38A-4F84-96CA-D66A56B366B0}.Release|Any CPU.Build.0 = Release|Any CPU
		{6E074ED4-689A-494C-9BE2-E41F9ABA7D14}.Debug|Any CPU.ActiveCfg = Debug|Any CPU
		{6E074ED4-689A-494C-9BE2-E41F9ABA7D14}.Debug|Any CPU.Build.0 = Debug|Any CPU
		{6E074ED4-689A-494C-9BE2-E41F9ABA7D14}.Release|Any CPU.ActiveCfg = Release|Any CPU
		{6E074ED4-689A-494C-9BE2-E41F9ABA7D14}.Release|Any CPU.Build.0 = Release|Any CPU
	EndGlobalSection
	GlobalSection(SolutionProperties) = preSolution
		HideSolutionNode = FALSE
	EndGlobalSection
	GlobalSection(ExtensibilityGlobals) = postSolution
		SolutionGuid = {EB004B40-B42C-4A38-99CB-956A3C06C43E}
	EndGlobalSection
EndGlobal
