
Microsoft Visual Studio Solution File, Format Version 12.00
# Visual Studio 15
VisualStudioVersion = 15.0.28307.106
MinimumVisualStudioVersion = 10.0.40219.1
Project("{FAE04EC0-301F-11D3-BF4B-00C04F79EFBC}") = "PalendromeTester.Library", "PalendromeTester\PalendromeTester.Library.csproj", "{9CC38C19-D2C0-44A3-ABB4-1CC2EE2E4EF8}"
EndProject
Project("{FAE04EC0-301F-11D3-BF4B-00C04F79EFBC}") = "PalendromeTest", "XUnitTestProject1\PalendromeTest.csproj", "{E1A29B58-D24F-4610-B94F-7D21CA8E5A6F}"
EndProject
Global
	GlobalSection(SolutionConfigurationPlatforms) = preSolution
		Debug|Any CPU = Debug|Any CPU
		Release|Any CPU = Release|Any CPU
	EndGlobalSection
	GlobalSection(ProjectConfigurationPlatforms) = postSolution
		{9CC38C19-D2C0-44A3-ABB4-1CC2EE2E4EF8}.Debug|Any CPU.ActiveCfg = Debug|Any CPU
		{9CC38C19-D2C0-44A3-ABB4-1CC2EE2E4EF8}.Debug|Any CPU.Build.0 = Debug|Any CPU
		{9CC38C19-D2C0-44A3-ABB4-1CC2EE2E4EF8}.Release|Any CPU.ActiveCfg = Release|Any CPU
		{9CC38C19-D2C0-44A3-ABB4-1CC2EE2E4EF8}.Release|Any CPU.Build.0 = Release|Any CPU
		{E1A29B58-D24F-4610-B94F-7D21CA8E5A6F}.Debug|Any CPU.ActiveCfg = Debug|Any CPU
		{E1A29B58-D24F-4610-B94F-7D21CA8E5A6F}.Debug|Any CPU.Build.0 = Debug|Any CPU
		{E1A29B58-D24F-4610-B94F-7D21CA8E5A6F}.Release|Any CPU.ActiveCfg = Release|Any CPU
		{E1A29B58-D24F-4610-B94F-7D21CA8E5A6F}.Release|Any CPU.Build.0 = Release|Any CPU
	EndGlobalSection
	GlobalSection(SolutionProperties) = preSolution
		HideSolutionNode = FALSE
	EndGlobalSection
	GlobalSection(ExtensibilityGlobals) = postSolution
		SolutionGuid = {D6244D89-7AAC-4037-B18D-E4AF570F657E}
	EndGlobalSection
EndGlobal
